// !$*UTF8*$!
{
	archiveVersion = 1;
	classes = {
	};
	objectVersion = 50;
	objects = {

/* Begin PBXBuildFile section */
		772F35EC21269F910000109B /* AppDelegate.swift in Sources */ = {isa = PBXBuildFile; fileRef = 772F35EB21269F910000109B /* AppDelegate.swift */; };
		772F35EE21269F910000109B /* ViewController.swift in Sources */ = {isa = PBXBuildFile; fileRef = 772F35ED21269F910000109B /* ViewController.swift */; };
		772F35F121269F910000109B /* Main.storyboard in Resources */ = {isa = PBXBuildFile; fileRef = 772F35EF21269F910000109B /* Main.storyboard */; };
		772F35F321269F920000109B /* Assets.xcassets in Resources */ = {isa = PBXBuildFile; fileRef = 772F35F221269F920000109B /* Assets.xcassets */; };
		772F35F621269F920000109B /* LaunchScreen.storyboard in Resources */ = {isa = PBXBuildFile; fileRef = 772F35F421269F920000109B /* LaunchScreen.storyboard */; };
		772F360121269F930000109B /* GitHubReposTests.swift in Sources */ = {isa = PBXBuildFile; fileRef = 772F360021269F930000109B /* GitHubReposTests.swift */; };
		772F360C21269F930000109B /* GitHubReposUITests.swift in Sources */ = {isa = PBXBuildFile; fileRef = 772F360B21269F930000109B /* GitHubReposUITests.swift */; };
		772F361D2126ACC30000109B /* DataStore.swift in Sources */ = {isa = PBXBuildFile; fileRef = 772F361C2126ACC30000109B /* DataStore.swift */; };
/* End PBXBuildFile section */

/* Begin PBXContainerItemProxy section */
		772F35FD21269F930000109B /* PBXContainerItemProxy */ = {
			isa = PBXContainerItemProxy;
			containerPortal = 772F35E021269F910000109B /* Project object */;
			proxyType = 1;
			remoteGlobalIDString = 772F35E721269F910000109B;
			remoteInfo = GitHubRepos;
		};
		772F360821269F930000109B /* PBXContainerItemProxy */ = {
			isa = PBXContainerItemProxy;
			containerPortal = 772F35E021269F910000109B /* Project object */;
			proxyType = 1;
			remoteGlobalIDString = 772F35E721269F910000109B;
			remoteInfo = GitHubRepos;
		};
/* End PBXContainerItemProxy section */

/* Begin PBXFileReference section */
		772F35E821269F910000109B /* GitHubRepos.app */ = {isa = PBXFileReference; explicitFileType = wrapper.application; includeInIndex = 0; path = GitHubRepos.app; sourceTree = BUILT_PRODUCTS_DIR; };
		772F35EB21269F910000109B /* AppDelegate.swift */ = {isa = PBXFileReference; lastKnownFileType = sourcecode.swift; path = AppDelegate.swift; sourceTree = "<group>"; };
		772F35ED21269F910000109B /* ViewController.swift */ = {isa = PBXFileReference; lastKnownFileType = sourcecode.swift; path = ViewController.swift; sourceTree = "<group>"; };
		772F35F021269F910000109B /* Base */ = {isa = PBXFileReference; lastKnownFileType = file.storyboard; name = Base; path = Base.lproj/Main.storyboard; sourceTree = "<group>"; };
		772F35F221269F920000109B /* Assets.xcassets */ = {isa = PBXFileReference; lastKnownFileType = folder.assetcatalog; path = Assets.xcassets; sourceTree = "<group>"; };
		772F35F521269F920000109B /* Base */ = {isa = PBXFileReference; lastKnownFileType = file.storyboard; name = Base; path = Base.lproj/LaunchScreen.storyboard; sourceTree = "<group>"; };
		772F35F721269F930000109B /* Info.plist */ = {isa = PBXFileReference; lastKnownFileType = text.plist.xml; path = Info.plist; sourceTree = "<group>"; };
		772F35FC21269F930000109B /* GitHubReposTests.xctest */ = {isa = PBXFileReference; explicitFileType = wrapper.cfbundle; includeInIndex = 0; path = GitHubReposTests.xctest; sourceTree = BUILT_PRODUCTS_DIR; };
		772F360021269F930000109B /* GitHubReposTests.swift */ = {isa = PBXFileReference; lastKnownFileType = sourcecode.swift; path = GitHubReposTests.swift; sourceTree = "<group>"; };
		772F360221269F930000109B /* Info.plist */ = {isa = PBXFileReference; lastKnownFileType = text.plist.xml; path = Info.plist; sourceTree = "<group>"; };
		772F360721269F930000109B /* GitHubReposUITests.xctest */ = {isa = PBXFileReference; explicitFileType = wrapper.cfbundle; includeInIndex = 0; path = GitHubReposUITests.xctest; sourceTree = BUILT_PRODUCTS_DIR; };
		772F360B21269F930000109B /* GitHubReposUITests.swift */ = {isa = PBXFileReference; lastKnownFileType = sourcecode.swift; path = GitHubReposUITests.swift; sourceTree = "<group>"; };
		772F360D21269F930000109B /* Info.plist */ = {isa = PBXFileReference; lastKnownFileType = text.plist.xml; path = Info.plist; sourceTree = "<group>"; };
		772F361C2126ACC30000109B /* DataStore.swift */ = {isa = PBXFileReference; lastKnownFileType = sourcecode.swift; path = DataStore.swift; sourceTree = "<group>"; };
/* End PBXFileReference section */

/* Begin PBXFrameworksBuildPhase section */
		772F35E521269F910000109B /* Frameworks */ = {
			isa = PBXFrameworksBuildPhase;
			buildActionMask = 2147483647;
			files = (
			);
			runOnlyForDeploymentPostprocessing = 0;
		};
		772F35F921269F930000109B /* Frameworks */ = {
			isa = PBXFrameworksBuildPhase;
			buildActionMask = 2147483647;
			files = (
			);
			runOnlyForDeploymentPostprocessing = 0;
		};
		772F360421269F930000109B /* Frameworks */ = {
			isa = PBXFrameworksBuildPhase;
			buildActionMask = 2147483647;
			files = (
			);
			runOnlyForDeploymentPostprocessing = 0;
		};
/* End PBXFrameworksBuildPhase section */

/* Begin PBXGroup section */
		772F35DF21269F910000109B = {
			isa = PBXGroup;
			children = (
				772F35EA21269F910000109B /* GitHubRepos */,
				772F35FF21269F930000109B /* GitHubReposTests */,
				772F360A21269F930000109B /* GitHubReposUITests */,
				772F35E921269F910000109B /* Products */,
			);
			sourceTree = "<group>";
		};
		772F35E921269F910000109B /* Products */ = {
			isa = PBXGroup;
			children = (
				772F35E821269F910000109B /* GitHubRepos.app */,
				772F35FC21269F930000109B /* GitHubReposTests.xctest */,
				772F360721269F930000109B /* GitHubReposUITests.xctest */,
			);
			name = Products;
			sourceTree = "<group>";
		};
		772F35EA21269F910000109B /* GitHubRepos */ = {
			isa = PBXGroup;
			children = (
				772F35EB21269F910000109B /* AppDelegate.swift */,
				772F35ED21269F910000109B /* ViewController.swift */,
				772F35EF21269F910000109B /* Main.storyboard */,
				772F361C2126ACC30000109B /* DataStore.swift */,
				772F35F221269F920000109B /* Assets.xcassets */,
				772F35F421269F920000109B /* LaunchScreen.storyboard */,
				772F35F721269F930000109B /* Info.plist */,
			);
			path = GitHubRepos;
			sourceTree = "<group>";
		};
		772F35FF21269F930000109B /* GitHubReposTests */ = {
			isa = PBXGroup;
			children = (
				772F360021269F930000109B /* GitHubReposTests.swift */,
				772F360221269F930000109B /* Info.plist */,
			);
			path = GitHubReposTests;
			sourceTree = "<group>";
		};
		772F360A21269F930000109B /* GitHubReposUITests */ = {
			isa = PBXGroup;
			children = (
				772F360B21269F930000109B /* GitHubReposUITests.swift */,
				772F360D21269F930000109B /* Info.plist */,
			);
			path = GitHubReposUITests;
			sourceTree = "<group>";
		};
/* End PBXGroup section */

/* Begin PBXNativeTarget section */
		772F35E721269F910000109B /* GitHubRepos */ = {
			isa = PBXNativeTarget;
			buildConfigurationList = 772F361021269F930000109B /* Build configuration list for PBXNativeTarget "GitHubRepos" */;
			buildPhases = (
				772F35E421269F910000109B /* Sources */,
				772F35E521269F910000109B /* Frameworks */,
				772F35E621269F910000109B /* Resources */,
			);
			buildRules = (
			);
			dependencies = (
			);
			name = GitHubRepos;
			productName = GitHubRepos;
			productReference = 772F35E821269F910000109B /* GitHubRepos.app */;
			productType = "com.apple.product-type.application";
		};
		772F35FB21269F930000109B /* GitHubReposTests */ = {
			isa = PBXNativeTarget;
			buildConfigurationList = 772F361321269F930000109B /* Build configuration list for PBXNativeTarget "GitHubReposTests" */;
			buildPhases = (
				772F35F821269F930000109B /* Sources */,
				772F35F921269F930000109B /* Frameworks */,
				772F35FA21269F930000109B /* Resources */,
			);
			buildRules = (
			);
			dependencies = (
				772F35FE21269F930000109B /* PBXTargetDependency */,
			);
			name = GitHubReposTests;
			productName = GitHubReposTests;
			productReference = 772F35FC21269F930000109B /* GitHubReposTests.xctest */;
			productType = "com.apple.product-type.bundle.unit-test";
		};
		772F360621269F930000109B /* GitHubReposUITests */ = {
			isa = PBXNativeTarget;
			buildConfigurationList = 772F361621269F930000109B /* Build configuration list for PBXNativeTarget "GitHubReposUITests" */;
			buildPhases = (
				772F360321269F930000109B /* Sources */,
				772F360421269F930000109B /* Frameworks */,
				772F360521269F930000109B /* Resources */,
			);
			buildRules = (
			);
			dependencies = (
				772F360921269F930000109B /* PBXTargetDependency */,
			);
			name = GitHubReposUITests;
			productName = GitHubReposUITests;
			productReference = 772F360721269F930000109B /* GitHubReposUITests.xctest */;
			productType = "com.apple.product-type.bundle.ui-testing";
		};
/* End PBXNativeTarget section */

/* Begin PBXProject section */
		772F35E021269F910000109B /* Project object */ = {
			isa = PBXProject;
			attributes = {
				LastSwiftUpdateCheck = 0940;
				LastUpgradeCheck = 0940;
				ORGANIZATIONNAME = MayurPawecha;
				TargetAttributes = {
					772F35E721269F910000109B = {
						CreatedOnToolsVersion = 9.4.1;
					};
					772F35FB21269F930000109B = {
						CreatedOnToolsVersion = 9.4.1;
						TestTargetID = 772F35E721269F910000109B;
					};
					772F360621269F930000109B = {
						CreatedOnToolsVersion = 9.4.1;
						TestTargetID = 772F35E721269F910000109B;
					};
				};
			};
			buildConfigurationList = 772F35E321269F910000109B /* Build configuration list for PBXProject "GitHubRepos" */;
			compatibilityVersion = "Xcode 9.3";
			developmentRegion = en;
			hasScannedForEncodings = 0;
			knownRegions = (
				en,
				Base,
			);
			mainGroup = 772F35DF21269F910000109B;
			productRefGroup = 772F35E921269F910000109B /* Products */;
			projectDirPath = "";
			projectRoot = "";
			targets = (
				772F35E721269F910000109B /* GitHubRepos */,
				772F35FB21269F930000109B /* GitHubReposTests */,
				772F360621269F930000109B /* GitHubReposUITests */,
			);
		};
/* End PBXProject section */

/* Begin PBXResourcesBuildPhase section */
		772F35E621269F910000109B /* Resources */ = {
			isa = PBXResourcesBuildPhase;
			buildActionMask = 2147483647;
			files = (
				772F35F621269F920000109B /* LaunchScreen.storyboard in Resources */,
				772F35F321269F920000109B /* Assets.xcassets in Resources */,
				772F35F121269F910000109B /* Main.storyboard in Resources */,
			);
			runOnlyForDeploymentPostprocessing = 0;
		};
		772F35FA21269F930000109B /* Resources */ = {
			isa = PBXResourcesBuildPhase;
			buildActionMask = 2147483647;
			files = (
			);
			runOnlyForDeploymentPostprocessing = 0;
		};
		772F360521269F930000109B /* Resources */ = {
			isa = PBXResourcesBuildPhase;
			buildActionMask = 2147483647;
			files = (
			);
			runOnlyForDeploymentPostprocessing = 0;
		};
/* End PBXResourcesBuildPhase section */

/* Begin PBXSourcesBuildPhase section */
		772F35E421269F910000109B /* Sources */ = {
			isa = PBXSourcesBuildPhase;
			buildActionMask = 2147483647;
			files = (
				772F35EE21269F910000109B /* ViewController.swift in Sources */,
				772F361D2126ACC30000109B /* DataStore.swift in Sources */,
				772F35EC21269F910000109B /* AppDelegate.swift in Sources */,
			);
			runOnlyForDeploymentPostprocessing = 0;
		};
		772F35F821269F930000109B /* Sources */ = {
			isa = PBXSourcesBuildPhase;
			buildActionMask = 2147483647;
			files = (
				772F360121269F930000109B /* GitHubReposTests.swift in Sources */,
			);
			runOnlyForDeploymentPostprocessing = 0;
		};
		772F360321269F930000109B /* Sources */ = {
			isa = PBXSourcesBuildPhase;
			buildActionMask = 2147483647;
			files = (
				772F360C21269F930000109B /* GitHubReposUITests.swift in Sources */,
			);
			runOnlyForDeploymentPostprocessing = 0;
		};
/* End PBXSourcesBuildPhase section */

/* Begin PBXTargetDependency section */
		772F35FE21269F930000109B /* PBXTargetDependency */ = {
			isa = PBXTargetDependency;
			target = 772F35E721269F910000109B /* GitHubRepos */;
			targetProxy = 772F35FD21269F930000109B /* PBXContainerItemProxy */;
		};
		772F360921269F930000109B /* PBXTargetDependency */ = {
			isa = PBXTargetDependency;
			target = 772F35E721269F910000109B /* GitHubRepos */;
			targetProxy = 772F360821269F930000109B /* PBXContainerItemProxy */;
		};
/* End PBXTargetDependency section */

/* Begin PBXVariantGroup section */
		772F35EF21269F910000109B /* Main.storyboard */ = {
			isa = PBXVariantGroup;
			children = (
				772F35F021269F910000109B /* Base */,
			);
			name = Main.storyboard;
			sourceTree = "<group>";
		};
		772F35F421269F920000109B /* LaunchScreen.storyboard */ = {
			isa = PBXVariantGroup;
			children = (
				772F35F521269F920000109B /* Base */,
			);
			name = LaunchScreen.storyboard;
			sourceTree = "<group>";
		};
/* End PBXVariantGroup section */

/* Begin XCBuildConfiguration section */
		772F360E21269F930000109B /* Debug */ = {
			isa = XCBuildConfiguration;
			buildSettings = {
				ALWAYS_SEARCH_USER_PATHS = NO;
				CLANG_ANALYZER_NONNULL = YES;
				CLANG_ANALYZER_NUMBER_OBJECT_CONVERSION = YES_AGGRESSIVE;
				CLANG_CXX_LANGUAGE_STANDARD = "gnu++14";
				CLANG_CXX_LIBRARY = "libc++";
				CLANG_ENABLE_MODULES = YES;
				CLANG_ENABLE_OBJC_ARC = YES;
				CLANG_ENABLE_OBJC_WEAK = YES;
				CLANG_WARN_BLOCK_CAPTURE_AUTORELEASING = YES;
				CLANG_WARN_BOOL_CONVERSION = YES;
				CLANG_WARN_COMMA = YES;
				CLANG_WARN_CONSTANT_CONVERSION = YES;
				CLANG_WARN_DEPRECATED_OBJC_IMPLEMENTATIONS = YES;
				CLANG_WARN_DIRECT_OBJC_ISA_USAGE = YES_ERROR;
				CLANG_WARN_DOCUMENTATION_COMMENTS = YES;
				CLANG_WARN_EMPTY_BODY = YES;
				CLANG_WARN_ENUM_CONVERSION = YES;
				CLANG_WARN_INFINITE_RECURSION = YES;
				CLANG_WARN_INT_CONVERSION = YES;
				CLANG_WARN_NON_LITERAL_NULL_CONVERSION = YES;
				CLANG_WARN_OBJC_IMPLICIT_RETAIN_SELF = YES;
				CLANG_WARN_OBJC_LITERAL_CONVERSION = YES;
				CLANG_WARN_OBJC_ROOT_CLASS = YES_ERROR;
				CLANG_WARN_RANGE_LOOP_ANALYSIS = YES;
				CLANG_WARN_STRICT_PROTOTYPES = YES;
				CLANG_WARN_SUSPICIOUS_MOVE = YES;
				CLANG_WARN_UNGUARDED_AVAILABILITY = YES_AGGRESSIVE;
				CLANG_WARN_UNREACHABLE_CODE = YES;
				CLANG_WARN__DUPLICATE_METHOD_MATCH = YES;
				CODE_SIGN_IDENTITY = "iPhone Developer";
				COPY_PHASE_STRIP = NO;
				DEBUG_INFORMATION_FORMAT = dwarf;
				ENABLE_STRICT_OBJC_MSGSEND = YES;
				ENABLE_TESTABILITY = YES;
				GCC_C_LANGUAGE_STANDARD = gnu11;
				GCC_DYNAMIC_NO_PIC = NO;
				GCC_NO_COMMON_BLOCKS = YES;
				GCC_OPTIMIZATION_LEVEL = 0;
				GCC_PREPROCESSOR_DEFINITIONS = (
					"DEBUG=1",
					"$(inherited)",
				);
				GCC_WARN_64_TO_32_BIT_CONVERSION = YES;
				GCC_WARN_ABOUT_RETURN_TYPE = YES_ERROR;
				GCC_WARN_UNDECLARED_SELECTOR = YES;
				GCC_WARN_UNINITIALIZED_AUTOS = YES_AGGRESSIVE;
				GCC_WARN_UNUSED_FUNCTION = YES;
				GCC_WARN_UNUSED_VARIABLE = YES;
				IPHONEOS_DEPLOYMENT_TARGET = 11.4;
				MTL_ENABLE_DEBUG_INFO = YES;
				ONLY_ACTIVE_ARCH = YES;
				SDKROOT = iphoneos;
				SWIFT_ACTIVE_COMPILATION_CONDITIONS = DEBUG;
				SWIFT_OPTIMIZATION_LEVEL = "-Onone";
			};
			name = Debug;
		};
		772F360F21269F930000109B /* Release */ = {
			isa = XCBuildConfiguration;
			buildSettings = {
				ALWAYS_SEARCH_USER_PATHS = NO;
				CLANG_ANALYZER_NONNULL = YES;
				CLANG_ANALYZER_NUMBER_OBJECT_CONVERSION = YES_AGGRESSIVE;
				CLANG_CXX_LANGUAGE_STANDARD = "gnu++14";
				CLANG_CXX_LIBRARY = "libc++";
				CLANG_ENABLE_MODULES = YES;
				CLANG_ENABLE_OBJC_ARC = YES;
				CLANG_ENABLE_OBJC_WEAK = YES;
				CLANG_WARN_BLOCK_CAPTURE_AUTORELEASING = YES;
				CLANG_WARN_BOOL_CONVERSION = YES;
				CLANG_WARN_COMMA = YES;
				CLANG_WARN_CONSTANT_CONVERSION = YES;
				CLANG_WARN_DEPRECATED_OBJC_IMPLEMENTATIONS = YES;
				CLANG_WARN_DIRECT_OBJC_ISA_USAGE = YES_ERROR;
				CLANG_WARN_DOCUMENTATION_COMMENTS = YES;
				CLANG_WARN_EMPTY_BODY = YES;
				CLANG_WARN_ENUM_CONVERSION = YES;
				CLANG_WARN_INFINITE_RECURSION = YES;
				CLANG_WARN_INT_CONVERSION = YES;
				CLANG_WARN_NON_LITERAL_NULL_CONVERSION = YES;
				CLANG_WARN_OBJC_IMPLICIT_RETAIN_SELF = YES;
				CLANG_WARN_OBJC_LITERAL_CONVERSION = YES;
				CLANG_WARN_OBJC_ROOT_CLASS = YES_ERROR;
				CLANG_WARN_RANGE_LOOP_ANALYSIS = YES;
				CLANG_WARN_STRICT_PROTOTYPES = YES;
				CLANG_WARN_SUSPICIOUS_MOVE = YES;
				CLANG_WARN_UNGUARDED_AVAILABILITY = YES_AGGRESSIVE;
				CLANG_WARN_UNREACHABLE_CODE = YES;
				CLANG_WARN__DUPLICATE_METHOD_MATCH = YES;
				CODE_SIGN_IDENTITY = "iPhone Developer";
				COPY_PHASE_STRIP = NO;
				DEBUG_INFORMATION_FORMAT = "dwarf-with-dsym";
				ENABLE_NS_ASSERTIONS = NO;
				ENABLE_STRICT_OBJC_MSGSEND = YES;
				GCC_C_LANGUAGE_STANDARD = gnu11;
				GCC_NO_COMMON_BLOCKS = YES;
				GCC_WARN_64_TO_32_BIT_CONVERSION = YES;
				GCC_WARN_ABOUT_RETURN_TYPE = YES_ERROR;
				GCC_WARN_UNDECLARED_SELECTOR = YES;
				GCC_WARN_UNINITIALIZED_AUTOS = YES_AGGRESSIVE;
				GCC_WARN_UNUSED_FUNCTION = YES;
				GCC_WARN_UNUSED_VARIABLE = YES;
				IPHONEOS_DEPLOYMENT_TARGET = 11.4;
				MTL_ENABLE_DEBUG_INFO = NO;
				SDKROOT = iphoneos;
				SWIFT_COMPILATION_MODE = wholemodule;
				SWIFT_OPTIMIZATION_LEVEL = "-O";
				VALIDATE_PRODUCT = YES;
			};
			name = Release;
		};
		772F361121269F930000109B /* Debug */ = {
			isa = XCBuildConfiguration;
			buildSettings = {
				ASSETCATALOG_COMPILER_APPICON_NAME = AppIcon;
				CODE_SIGN_STYLE = Automatic;
				INFOPLIST_FILE = GitHubRepos/Info.plist;
				LD_RUNPATH_SEARCH_PATHS = (
					"$(inherited)",
					"@executable_path/Frameworks",
				);
				PRODUCT_BUNDLE_IDENTIFIER = com.MayurPawecha.GitHubRepos;
				PRODUCT_NAME = "$(TARGET_NAME)";
				SWIFT_VERSION = 4.0;
				TARGETED_DEVICE_FAMILY = "1,2";
			};
			name = Debug;
		};
		772F361221269F930000109B /* Release */ = {
			isa = XCBuildConfiguration;
			buildSettings = {
				ASSETCATALOG_COMPILER_APPICON_NAME = AppIcon;
				CODE_SIGN_STYLE = Automatic;
				INFOPLIST_FILE = GitHubRepos/Info.plist;
				LD_RUNPATH_SEARCH_PATHS = (
					"$(inherited)",
					"@executable_path/Frameworks",
				);
				PRODUCT_BUNDLE_IDENTIFIER = com.MayurPawecha.GitHubRepos;
				PRODUCT_NAME = "$(TARGET_NAME)";
				SWIFT_VERSION = 4.0;
				TARGETED_DEVICE_FAMILY = "1,2";
			};
			name = Release;
		};
		772F361421269F930000109B /* Debug */ = {
			isa = XCBuildConfiguration;
			buildSettings = {
				ALWAYS_EMBED_SWIFT_STANDARD_LIBRARIES = YES;
				BUNDLE_LOADER = "$(TEST_HOST)";
				CODE_SIGN_STYLE = Automatic;
				INFOPLIST_FILE = GitHubReposTests/Info.plist;
				LD_RUNPATH_SEARCH_PATHS = (
					"$(inherited)",
					"@executable_path/Frameworks",
					"@loader_path/Frameworks",
				);
				PRODUCT_BUNDLE_IDENTIFIER = com.MayurPawecha.GitHubReposTests;
				PRODUCT_NAME = "$(TARGET_NAME)";
				SWIFT_VERSION = 4.0;
				TARGETED_DEVICE_FAMILY = "1,2";
				TEST_HOST = "$(BUILT_PRODUCTS_DIR)/GitHubRepos.app/GitHubRepos";
			};
			name = Debug;
		};
		772F361521269F930000109B /* Release */ = {
			isa = XCBuildConfiguration;
			buildSettings = {
				ALWAYS_EMBED_SWIFT_STANDARD_LIBRARIES = YES;
				BUNDLE_LOADER = "$(TEST_HOST)";
				CODE_SIGN_STYLE = Automatic;
				INFOPLIST_FILE = GitHubReposTests/Info.plist;
				LD_RUNPATH_SEARCH_PATHS = (
					"$(inherited)",
					"@executable_path/Frameworks",
					"@loader_path/Frameworks",
				);
				PRODUCT_BUNDLE_IDENTIFIER = com.MayurPawecha.GitHubReposTests;
				PRODUCT_NAME = "$(TARGET_NAME)";
				SWIFT_VERSION = 4.0;
				TARGETED_DEVICE_FAMILY = "1,2";
				TEST_HOST = "$(BUILT_PRODUCTS_DIR)/GitHubRepos.app/GitHubRepos";
			};
			name = Release;
		};
		772F361721269F930000109B /* Debug */ = {
			isa = XCBuildConfiguration;
			buildSettings = {
				ALWAYS_EMBED_SWIFT_STANDARD_LIBRARIES = YES;
				CODE_SIGN_STYLE = Automatic;
				INFOPLIST_FILE = GitHubReposUITests/Info.plist;
				LD_RUNPATH_SEARCH_PATHS = (
					"$(inherited)",
					"@executable_path/Frameworks",
					"@loader_path/Frameworks",
				);
				PRODUCT_BUNDLE_IDENTIFIER = com.MayurPawecha.GitHubReposUITests;
				PRODUCT_NAME = "$(TARGET_NAME)";
				SWIFT_VERSION = 4.0;
				TARGETED_DEVICE_FAMILY = "1,2";
				TEST_TARGET_NAME = GitHubRepos;
			};
			name = Debug;
		};
		772F361821269F930000109B /* Release */ = {
			isa = XCBuildConfiguration;
			buildSettings = {
				ALWAYS_EMBED_SWIFT_STANDARD_LIBRARIES = YES;
				CODE_SIGN_STYLE = Automatic;
				INFOPLIST_FILE = GitHubReposUITests/Info.plist;
				LD_RUNPATH_SEARCH_PATHS = (
					"$(inherited)",
					"@executable_path/Frameworks",
					"@loader_path/Frameworks",
				);
				PRODUCT_BUNDLE_IDENTIFIER = com.MayurPawecha.GitHubReposUITests;
				PRODUCT_NAME = "$(TARGET_NAME)";
				SWIFT_VERSION = 4.0;
				TARGETED_DEVICE_FAMILY = "1,2";
				TEST_TARGET_NAME = GitHubRepos;
			};
			name = Release;
		};
/* End XCBuildConfiguration section */

/* Begin XCConfigurationList section */
		772F35E321269F910000109B /* Build configuration list for PBXProject "GitHubRepos" */ = {
			isa = XCConfigurationList;
			buildConfigurations = (
				772F360E21269F930000109B /* Debug */,
				772F360F21269F930000109B /* Release */,
			);
			defaultConfigurationIsVisible = 0;
			defaultConfigurationName = Release;
		};
		772F361021269F930000109B /* Build configuration list for PBXNativeTarget "GitHubRepos" */ = {
			isa = XCConfigurationList;
			buildConfigurations = (
				772F361121269F930000109B /* Debug */,
				772F361221269F930000109B /* Release */,
			);
			defaultConfigurationIsVisible = 0;
			defaultConfigurationName = Release;
		};
		772F361321269F930000109B /* Build configuration list for PBXNativeTarget "GitHubReposTests" */ = {
			isa = XCConfigurationList;
			buildConfigurations = (
				772F361421269F930000109B /* Debug */,
				772F361521269F930000109B /* Release */,
			);
			defaultConfigurationIsVisible = 0;
			defaultConfigurationName = Release;
		};
		772F361621269F930000109B /* Build configuration list for PBXNativeTarget "GitHubReposUITests" */ = {
			isa = XCConfigurationList;
			buildConfigurations = (
				772F361721269F930000109B /* Debug */,
				772F361821269F930000109B /* Release */,
			);
			defaultConfigurationIsVisible = 0;
			defaultConfigurationName = Release;
		};
/* End XCConfigurationList section */
	};
	rootObject = 772F35E021269F910000109B /* Project object */;
}
